// !$*UTF8*$!
{
	archiveVersion = 1;
	classes = {
	};
	objectVersion = 46;
	objects = {

/* Begin PBXBuildFile section */
		9A5CBB8F1B9643AD00ED3429 /* AppDelegate.swift in Sources */ = {isa = PBXBuildFile; fileRef = 9A5CBB8E1B9643AD00ED3429 /* AppDelegate.swift */; };
		9A5CBB911B9643AD00ED3429 /* ViewController.swift in Sources */ = {isa = PBXBuildFile; fileRef = 9A5CBB901B9643AD00ED3429 /* ViewController.swift */; };
		9A5CBB941B9643AD00ED3429 /* Main.storyboard in Resources */ = {isa = PBXBuildFile; fileRef = 9A5CBB921B9643AD00ED3429 /* Main.storyboard */; };
		9A5CBB961B9643AD00ED3429 /* Assets.xcassets in Resources */ = {isa = PBXBuildFile; fileRef = 9A5CBB951B9643AD00ED3429 /* Assets.xcassets */; };
		9A5CBB991B9643AD00ED3429 /* LaunchScreen.storyboard in Resources */ = {isa = PBXBuildFile; fileRef = 9A5CBB971B9643AD00ED3429 /* LaunchScreen.storyboard */; };
		9A5CBBA41B9643AD00ED3429 /* NinjaGoldTests.swift in Sources */ = {isa = PBXBuildFile; fileRef = 9A5CBBA31B9643AD00ED3429 /* NinjaGoldTests.swift */; };
		9A5CBBAF1B9643AD00ED3429 /* NinjaGoldUITests.swift in Sources */ = {isa = PBXBuildFile; fileRef = 9A5CBBAE1B9643AD00ED3429 /* NinjaGoldUITests.swift */; };
/* End PBXBuildFile section */

/* Begin PBXContainerItemProxy section */
		9A5CBBA01B9643AD00ED3429 /* PBXContainerItemProxy */ = {
			isa = PBXContainerItemProxy;
			containerPortal = 9A5CBB831B9643AD00ED3429 /* Project object */;
			proxyType = 1;
			remoteGlobalIDString = 9A5CBB8A1B9643AD00ED3429;
			remoteInfo = NinjaGold;
		};
		9A5CBBAB1B9643AD00ED3429 /* PBXContainerItemProxy */ = {
			isa = PBXContainerItemProxy;
			containerPortal = 9A5CBB831B9643AD00ED3429 /* Project object */;
			proxyType = 1;
			remoteGlobalIDString = 9A5CBB8A1B9643AD00ED3429;
			remoteInfo = NinjaGold;
		};
/* End PBXContainerItemProxy section */

/* Begin PBXFileReference section */
		9A5CBB8B1B9643AD00ED3429 /* NinjaGold.app */ = {isa = PBXFileReference; explicitFileType = wrapper.application; includeInIndex = 0; path = NinjaGold.app; sourceTree = BUILT_PRODUCTS_DIR; };
		9A5CBB8E1B9643AD00ED3429 /* AppDelegate.swift */ = {isa = PBXFileReference; lastKnownFileType = sourcecode.swift; path = AppDelegate.swift; sourceTree = "<group>"; };
		9A5CBB901B9643AD00ED3429 /* ViewController.swift */ = {isa = PBXFileReference; lastKnownFileType = sourcecode.swift; path = ViewController.swift; sourceTree = "<group>"; };
		9A5CBB931B9643AD00ED3429 /* Base */ = {isa = PBXFileReference; lastKnownFileType = file.storyboard; name = Base; path = Base.lproj/Main.storyboard; sourceTree = "<group>"; };
		9A5CBB951B9643AD00ED3429 /* Assets.xcassets */ = {isa = PBXFileReference; lastKnownFileType = folder.assetcatalog; path = Assets.xcassets; sourceTree = "<group>"; };
		9A5CBB981B9643AD00ED3429 /* Base */ = {isa = PBXFileReference; lastKnownFileType = file.storyboard; name = Base; path = Base.lproj/LaunchScreen.storyboard; sourceTree = "<group>"; };
		9A5CBB9A1B9643AD00ED3429 /* Info.plist */ = {isa = PBXFileReference; lastKnownFileType = text.plist.xml; path = Info.plist; sourceTree = "<group>"; };
		9A5CBB9F1B9643AD00ED3429 /* NinjaGoldTests.xctest */ = {isa = PBXFileReference; explicitFileType = wrapper.cfbundle; includeInIndex = 0; path = NinjaGoldTests.xctest; sourceTree = BUILT_PRODUCTS_DIR; };
		9A5CBBA31B9643AD00ED3429 /* NinjaGoldTests.swift */ = {isa = PBXFileReference; lastKnownFileType = sourcecode.swift; path = NinjaGoldTests.swift; sourceTree = "<group>"; };
		9A5CBBA51B9643AD00ED3429 /* Info.plist */ = {isa = PBXFileReference; lastKnownFileType = text.plist.xml; path = Info.plist; sourceTree = "<group>"; };
		9A5CBBAA1B9643AD00ED3429 /* NinjaGoldUITests.xctest */ = {isa = PBXFileReference; explicitFileType = wrapper.cfbundle; includeInIndex = 0; path = NinjaGoldUITests.xctest; sourceTree = BUILT_PRODUCTS_DIR; };
		9A5CBBAE1B9643AD00ED3429 /* NinjaGoldUITests.swift */ = {isa = PBXFileReference; lastKnownFileType = sourcecode.swift; path = NinjaGoldUITests.swift; sourceTree = "<group>"; };
		9A5CBBB01B9643AD00ED3429 /* Info.plist */ = {isa = PBXFileReference; lastKnownFileType = text.plist.xml; path = Info.plist; sourceTree = "<group>"; };
/* End PBXFileReference section */

/* Begin PBXFrameworksBuildPhase section */
		9A5CBB881B9643AD00ED3429 /* Frameworks */ = {
			isa = PBXFrameworksBuildPhase;
			buildActionMask = 2147483647;
			files = (
			);
			runOnlyForDeploymentPostprocessing = 0;
		};
		9A5CBB9C1B9643AD00ED3429 /* Frameworks */ = {
			isa = PBXFrameworksBuildPhase;
			buildActionMask = 2147483647;
			files = (
			);
			runOnlyForDeploymentPostprocessing = 0;
		};
		9A5CBBA71B9643AD00ED3429 /* Frameworks */ = {
			isa = PBXFrameworksBuildPhase;
			buildActionMask = 2147483647;
			files = (
			);
			runOnlyForDeploymentPostprocessing = 0;
		};
/* End PBXFrameworksBuildPhase section */

/* Begin PBXGroup section */
		9A5CBB821B9643AD00ED3429 = {
			isa = PBXGroup;
			children = (
				9A5CBB8D1B9643AD00ED3429 /* NinjaGold */,
				9A5CBBA21B9643AD00ED3429 /* NinjaGoldTests */,
				9A5CBBAD1B9643AD00ED3429 /* NinjaGoldUITests */,
				9A5CBB8C1B9643AD00ED3429 /* Products */,
			);
			sourceTree = "<group>";
		};
		9A5CBB8C1B9643AD00ED3429 /* Products */ = {
			isa = PBXGroup;
			children = (
				9A5CBB8B1B9643AD00ED3429 /* NinjaGold.app */,
				9A5CBB9F1B9643AD00ED3429 /* NinjaGoldTests.xctest */,
				9A5CBBAA1B9643AD00ED3429 /* NinjaGoldUITests.xctest */,
			);
			name = Products;
			sourceTree = "<group>";
		};
		9A5CBB8D1B9643AD00ED3429 /* NinjaGold */ = {
			isa = PBXGroup;
			children = (
				9A5CBB8E1B9643AD00ED3429 /* AppDelegate.swift */,
				9A5CBB901B9643AD00ED3429 /* ViewController.swift */,
				9A5CBB921B9643AD00ED3429 /* Main.storyboard */,
				9A5CBB951B9643AD00ED3429 /* Assets.xcassets */,
				9A5CBB971B9643AD00ED3429 /* LaunchScreen.storyboard */,
				9A5CBB9A1B9643AD00ED3429 /* Info.plist */,
			);
			path = NinjaGold;
			sourceTree = "<group>";
		};
		9A5CBBA21B9643AD00ED3429 /* NinjaGoldTests */ = {
			isa = PBXGroup;
			children = (
				9A5CBBA31B9643AD00ED3429 /* NinjaGoldTests.swift */,
				9A5CBBA51B9643AD00ED3429 /* Info.plist */,
			);
			path = NinjaGoldTests;
			sourceTree = "<group>";
		};
		9A5CBBAD1B9643AD00ED3429 /* NinjaGoldUITests */ = {
			isa = PBXGroup;
			children = (
				9A5CBBAE1B9643AD00ED3429 /* NinjaGoldUITests.swift */,
				9A5CBBB01B9643AD00ED3429 /* Info.plist */,
			);
			path = NinjaGoldUITests;
			sourceTree = "<group>";
		};
/* End PBXGroup section */

/* Begin PBXNativeTarget section */
		9A5CBB8A1B9643AD00ED3429 /* NinjaGold */ = {
			isa = PBXNativeTarget;
			buildConfigurationList = 9A5CBBB31B9643AD00ED3429 /* Build configuration list for PBXNativeTarget "NinjaGold" */;
			buildPhases = (
				9A5CBB871B9643AD00ED3429 /* Sources */,
				9A5CBB881B9643AD00ED3429 /* Frameworks */,
				9A5CBB891B9643AD00ED3429 /* Resources */,
			);
			buildRules = (
			);
			dependencies = (
			);
			name = NinjaGold;
			productName = NinjaGold;
			productReference = 9A5CBB8B1B9643AD00ED3429 /* NinjaGold.app */;
			productType = "com.apple.product-type.application";
		};
		9A5CBB9E1B9643AD00ED3429 /* NinjaGoldTests */ = {
			isa = PBXNativeTarget;
			buildConfigurationList = 9A5CBBB61B9643AD00ED3429 /* Build configuration list for PBXNativeTarget "NinjaGoldTests" */;
			buildPhases = (
				9A5CBB9B1B9643AD00ED3429 /* Sources */,
				9A5CBB9C1B9643AD00ED3429 /* Frameworks */,
				9A5CBB9D1B9643AD00ED3429 /* Resources */,
			);
			buildRules = (
			);
			dependencies = (
				9A5CBBA11B9643AD00ED3429 /* PBXTargetDependency */,
			);
			name = NinjaGoldTests;
			productName = NinjaGoldTests;
			productReference = 9A5CBB9F1B9643AD00ED3429 /* NinjaGoldTests.xctest */;
			productType = "com.apple.product-type.bundle.unit-test";
		};
		9A5CBBA91B9643AD00ED3429 /* NinjaGoldUITests */ = {
			isa = PBXNativeTarget;
			buildConfigurationList = 9A5CBBB91B9643AD00ED3429 /* Build configuration list for PBXNativeTarget "NinjaGoldUITests" */;
			buildPhases = (
				9A5CBBA61B9643AD00ED3429 /* Sources */,
				9A5CBBA71B9643AD00ED3429 /* Frameworks */,
				9A5CBBA81B9643AD00ED3429 /* Resources */,
			);
			buildRules = (
			);
			dependencies = (
				9A5CBBAC1B9643AD00ED3429 /* PBXTargetDependency */,
			);
			name = NinjaGoldUITests;
			productName = NinjaGoldUITests;
			productReference = 9A5CBBAA1B9643AD00ED3429 /* NinjaGoldUITests.xctest */;
			productType = "com.apple.product-type.bundle.ui-testing";
		};
/* End PBXNativeTarget section */

/* Begin PBXProject section */
		9A5CBB831B9643AD00ED3429 /* Project object */ = {
			isa = PBXProject;
			attributes = {
				LastUpgradeCheck = 0700;
				ORGANIZATIONNAME = "Kai Bachmann";
				TargetAttributes = {
					9A5CBB8A1B9643AD00ED3429 = {
						CreatedOnToolsVersion = 7.0;
					};
					9A5CBB9E1B9643AD00ED3429 = {
						CreatedOnToolsVersion = 7.0;
						TestTargetID = 9A5CBB8A1B9643AD00ED3429;
					};
					9A5CBBA91B9643AD00ED3429 = {
						CreatedOnToolsVersion = 7.0;
						TestTargetID = 9A5CBB8A1B9643AD00ED3429;
					};
				};
			};
			buildConfigurationList = 9A5CBB861B9643AD00ED3429 /* Build configuration list for PBXProject "NinjaGold" */;
			compatibilityVersion = "Xcode 3.2";
			developmentRegion = English;
			hasScannedForEncodings = 0;
			knownRegions = (
				en,
				Base,
			);
			mainGroup = 9A5CBB821B9643AD00ED3429;
			productRefGroup = 9A5CBB8C1B9643AD00ED3429 /* Products */;
			projectDirPath = "";
			projectRoot = "";
			targets = (
				9A5CBB8A1B9643AD00ED3429 /* NinjaGold */,
				9A5CBB9E1B9643AD00ED3429 /* NinjaGoldTests */,
				9A5CBBA91B9643AD00ED3429 /* NinjaGoldUITests */,
			);
		};
/* End PBXProject section */

/* Begin PBXResourcesBuildPhase section */
		9A5CBB891B9643AD00ED3429 /* Resources */ = {
			isa = PBXResourcesBuildPhase;
			buildActionMask = 2147483647;
			files = (
				9A5CBB991B9643AD00ED3429 /* LaunchScreen.storyboard in Resources */,
				9A5CBB961B9643AD00ED3429 /* Assets.xcassets in Resources */,
				9A5CBB941B9643AD00ED3429 /* Main.storyboard in Resources */,
			);
			runOnlyForDeploymentPostprocessing = 0;
		};
		9A5CBB9D1B9643AD00ED3429 /* Resources */ = {
			isa = PBXResourcesBuildPhase;
			buildActionMask = 2147483647;
			files = (
			);
			runOnlyForDeploymentPostprocessing = 0;
		};
		9A5CBBA81B9643AD00ED3429 /* Resources */ = {
			isa = PBXResourcesBuildPhase;
			buildActionMask = 2147483647;
			files = (
			);
			runOnlyForDeploymentPostprocessing = 0;
		};
/* End PBXResourcesBuildPhase section */

/* Begin PBXSourcesBuildPhase section */
		9A5CBB871B9643AD00ED3429 /* Sources */ = {
			isa = PBXSourcesBuildPhase;
			buildActionMask = 2147483647;
			files = (
				9A5CBB911B9643AD00ED3429 /* ViewController.swift in Sources */,
				9A5CBB8F1B9643AD00ED3429 /* AppDelegate.swift in Sources */,
			);
			runOnlyForDeploymentPostprocessing = 0;
		};
		9A5CBB9B1B9643AD00ED3429 /* Sources */ = {
			isa = PBXSourcesBuildPhase;
			buildActionMask = 2147483647;
			files = (
				9A5CBBA41B9643AD00ED3429 /* NinjaGoldTests.swift in Sources */,
			);
			runOnlyForDeploymentPostprocessing = 0;
		};
		9A5CBBA61B9643AD00ED3429 /* Sources */ = {
			isa = PBXSourcesBuildPhase;
			buildActionMask = 2147483647;
			files = (
				9A5CBBAF1B9643AD00ED3429 /* NinjaGoldUITests.swift in Sources */,
			);
			runOnlyForDeploymentPostprocessing = 0;
		};
/* End PBXSourcesBuildPhase section */

/* Begin PBXTargetDependency section */
		9A5CBBA11B9643AD00ED3429 /* PBXTargetDependency */ = {
			isa = PBXTargetDependency;
			target = 9A5CBB8A1B9643AD00ED3429 /* NinjaGold */;
			targetProxy = 9A5CBBA01B9643AD00ED3429 /* PBXContainerItemProxy */;
		};
		9A5CBBAC1B9643AD00ED3429 /* PBXTargetDependency */ = {
			isa = PBXTargetDependency;
			target = 9A5CBB8A1B9643AD00ED3429 /* NinjaGold */;
			targetProxy = 9A5CBBAB1B9643AD00ED3429 /* PBXContainerItemProxy */;
		};
/* End PBXTargetDependency section */

/* Begin PBXVariantGroup section */
		9A5CBB921B9643AD00ED3429 /* Main.storyboard */ = {
			isa = PBXVariantGroup;
			children = (
				9A5CBB931B9643AD00ED3429 /* Base */,
			);
			name = Main.storyboard;
			sourceTree = "<group>";
		};
		9A5CBB971B9643AD00ED3429 /* LaunchScreen.storyboard */ = {
			isa = PBXVariantGroup;
			children = (
				9A5CBB981B9643AD00ED3429 /* Base */,
			);
			name = LaunchScreen.storyboard;
			sourceTree = "<group>";
		};
/* End PBXVariantGroup section */

/* Begin XCBuildConfiguration section */
		9A5CBBB11B9643AD00ED3429 /* Debug */ = {
			isa = XCBuildConfiguration;
			buildSettings = {
				ALWAYS_SEARCH_USER_PATHS = NO;
				CLANG_CXX_LANGUAGE_STANDARD = "gnu++0x";
				CLANG_CXX_LIBRARY = "libc++";
				CLANG_ENABLE_MODULES = YES;
				CLANG_ENABLE_OBJC_ARC = YES;
				CLANG_WARN_BOOL_CONVERSION = YES;
				CLANG_WARN_CONSTANT_CONVERSION = YES;
				CLANG_WARN_DIRECT_OBJC_ISA_USAGE = YES_ERROR;
				CLANG_WARN_EMPTY_BODY = YES;
				CLANG_WARN_ENUM_CONVERSION = YES;
				CLANG_WARN_INT_CONVERSION = YES;
				CLANG_WARN_OBJC_ROOT_CLASS = YES_ERROR;
				CLANG_WARN_UNREACHABLE_CODE = YES;
				CLANG_WARN__DUPLICATE_METHOD_MATCH = YES;
				"CODE_SIGN_IDENTITY[sdk=iphoneos*]" = "iPhone Developer";
				COPY_PHASE_STRIP = NO;
				DEBUG_INFORMATION_FORMAT = dwarf;
				ENABLE_STRICT_OBJC_MSGSEND = YES;
				ENABLE_TESTABILITY = YES;
				GCC_C_LANGUAGE_STANDARD = gnu99;
				GCC_DYNAMIC_NO_PIC = NO;
				GCC_NO_COMMON_BLOCKS = YES;
				GCC_OPTIMIZATION_LEVEL = 0;
				GCC_PREPROCESSOR_DEFINITIONS = (
					"DEBUG=1",
					"$(inherited)",
				);
				GCC_WARN_64_TO_32_BIT_CONVERSION = YES;
				GCC_WARN_ABOUT_RETURN_TYPE = YES_ERROR;
				GCC_WARN_UNDECLARED_SELECTOR = YES;
				GCC_WARN_UNINITIALIZED_AUTOS = YES_AGGRESSIVE;
				GCC_WARN_UNUSED_FUNCTION = YES;
				GCC_WARN_UNUSED_VARIABLE = YES;
				IPHONEOS_DEPLOYMENT_TARGET = 9.0;
				MTL_ENABLE_DEBUG_INFO = YES;
				ONLY_ACTIVE_ARCH = YES;
				SDKROOT = iphoneos;
				SWIFT_OPTIMIZATION_LEVEL = "-Onone";
				TARGETED_DEVICE_FAMILY = "1,2";
			};
			name = Debug;
		};
		9A5CBBB21B9643AD00ED3429 /* Release */ = {
			isa = XCBuildConfiguration;
			buildSettings = {
				ALWAYS_SEARCH_USER_PATHS = NO;
				CLANG_CXX_LANGUAGE_STANDARD = "gnu++0x";
				CLANG_CXX_LIBRARY = "libc++";
				CLANG_ENABLE_MODULES = YES;
				CLANG_ENABLE_OBJC_ARC = YES;
				CLANG_WARN_BOOL_CONVERSION = YES;
				CLANG_WARN_CONSTANT_CONVERSION = YES;
				CLANG_WARN_DIRECT_OBJC_ISA_USAGE = YES_ERROR;
				CLANG_WARN_EMPTY_BODY = YES;
				CLANG_WARN_ENUM_CONVERSION = YES;
				CLANG_WARN_INT_CONVERSION = YES;
				CLANG_WARN_OBJC_ROOT_CLASS = YES_ERROR;
				CLANG_WARN_UNREACHABLE_CODE = YES;
				CLANG_WARN__DUPLICATE_METHOD_MATCH = YES;
				"CODE_SIGN_IDENTITY[sdk=iphoneos*]" = "iPhone Developer";
				COPY_PHASE_STRIP = NO;
				DEBUG_INFORMATION_FORMAT = "dwarf-with-dsym";
				ENABLE_NS_ASSERTIONS = NO;
				ENABLE_STRICT_OBJC_MSGSEND = YES;
				GCC_C_LANGUAGE_STANDARD = gnu99;
				GCC_NO_COMMON_BLOCKS = YES;
				GCC_WARN_64_TO_32_BIT_CONVERSION = YES;
				GCC_WARN_ABOUT_RETURN_TYPE = YES_ERROR;
				GCC_WARN_UNDECLARED_SELECTOR = YES;
				GCC_WARN_UNINITIALIZED_AUTOS = YES_AGGRESSIVE;
				GCC_WARN_UNUSED_FUNCTION = YES;
				GCC_WARN_UNUSED_VARIABLE = YES;
				IPHONEOS_DEPLOYMENT_TARGET = 9.0;
				MTL_ENABLE_DEBUG_INFO = NO;
				SDKROOT = iphoneos;
				TARGETED_DEVICE_FAMILY = "1,2";
				VALIDATE_PRODUCT = YES;
			};
			name = Release;
		};
		9A5CBBB41B9643AD00ED3429 /* Debug */ = {
			isa = XCBuildConfiguration;
			buildSettings = {
				ASSETCATALOG_COMPILER_APPICON_NAME = AppIcon;
				INFOPLIST_FILE = NinjaGold/Info.plist;
				LD_RUNPATH_SEARCH_PATHS = "$(inherited) @executable_path/Frameworks";
				PRODUCT_BUNDLE_IDENTIFIER = kai.NinjaGold;
				PRODUCT_NAME = "$(TARGET_NAME)";
			};
			name = Debug;
		};
		9A5CBBB51B9643AD00ED3429 /* Release */ = {
			isa = XCBuildConfiguration;
			buildSettings = {
				ASSETCATALOG_COMPILER_APPICON_NAME = AppIcon;
				INFOPLIST_FILE = NinjaGold/Info.plist;
				LD_RUNPATH_SEARCH_PATHS = "$(inherited) @executable_path/Frameworks";
				PRODUCT_BUNDLE_IDENTIFIER = kai.NinjaGold;
				PRODUCT_NAME = "$(TARGET_NAME)";
			};
			name = Release;
		};
		9A5CBBB71B9643AD00ED3429 /* Debug */ = {
			isa = XCBuildConfiguration;
			buildSettings = {
				BUNDLE_LOADER = "$(TEST_HOST)";
				INFOPLIST_FILE = NinjaGoldTests/Info.plist;
				LD_RUNPATH_SEARCH_PATHS = "$(inherited) @executable_path/Frameworks @loader_path/Frameworks";
				PRODUCT_BUNDLE_IDENTIFIER = kai.NinjaGoldTests;
				PRODUCT_NAME = "$(TARGET_NAME)";
				TEST_HOST = "$(BUILT_PRODUCTS_DIR)/NinjaGold.app/NinjaGold";
			};
			name = Debug;
		};
		9A5CBBB81B9643AD00ED3429 /* Release */ = {
			isa = XCBuildConfiguration;
			buildSettings = {
				BUNDLE_LOADER = "$(TEST_HOST)";
				INFOPLIST_FILE = NinjaGoldTests/Info.plist;
				LD_RUNPATH_SEARCH_PATHS = "$(inherited) @executable_path/Frameworks @loader_path/Frameworks";
				PRODUCT_BUNDLE_IDENTIFIER = kai.NinjaGoldTests;
				PRODUCT_NAME = "$(TARGET_NAME)";
				TEST_HOST = "$(BUILT_PRODUCTS_DIR)/NinjaGold.app/NinjaGold";
			};
			name = Release;
		};
		9A5CBBBA1B9643AD00ED3429 /* Debug */ = {
			isa = XCBuildConfiguration;
			buildSettings = {
				INFOPLIST_FILE = NinjaGoldUITests/Info.plist;
				LD_RUNPATH_SEARCH_PATHS = "$(inherited) @executable_path/Frameworks @loader_path/Frameworks";
				PRODUCT_BUNDLE_IDENTIFIER = kai.NinjaGoldUITests;
				PRODUCT_NAME = "$(TARGET_NAME)";
				TEST_TARGET_NAME = NinjaGold;
				USES_XCTRUNNER = YES;
			};
			name = Debug;
		};
		9A5CBBBB1B9643AD00ED3429 /* Release */ = {
			isa = XCBuildConfiguration;
			buildSettings = {
				INFOPLIST_FILE = NinjaGoldUITests/Info.plist;
				LD_RUNPATH_SEARCH_PATHS = "$(inherited) @executable_path/Frameworks @loader_path/Frameworks";
				PRODUCT_BUNDLE_IDENTIFIER = kai.NinjaGoldUITests;
				PRODUCT_NAME = "$(TARGET_NAME)";
				TEST_TARGET_NAME = NinjaGold;
				USES_XCTRUNNER = YES;
			};
			name = Release;
		};
/* End XCBuildConfiguration section */

/* Begin XCConfigurationList section */
		9A5CBB861B9643AD00ED3429 /* Build configuration list for PBXProject "NinjaGold" */ = {
			isa = XCConfigurationList;
			buildConfigurations = (
				9A5CBBB11B9643AD00ED3429 /* Debug */,
				9A5CBBB21B9643AD00ED3429 /* Release */,
			);
			defaultConfigurationIsVisible = 0;
			defaultConfigurationName = Release;
		};
		9A5CBBB31B9643AD00ED3429 /* Build configuration list for PBXNativeTarget "NinjaGold" */ = {
			isa = XCConfigurationList;
			buildConfigurations = (
				9A5CBBB41B9643AD00ED3429 /* Debug */,
				9A5CBBB51B9643AD00ED3429 /* Release */,
			);
			defaultConfigurationIsVisible = 0;
		};
		9A5CBBB61B9643AD00ED3429 /* Build configuration list for PBXNativeTarget "NinjaGoldTests" */ = {
			isa = XCConfigurationList;
			buildConfigurations = (
				9A5CBBB71B9643AD00ED3429 /* Debug */,
				9A5CBBB81B9643AD00ED3429 /* Release */,
			);
			defaultConfigurationIsVisible = 0;
		};
		9A5CBBB91B9643AD00ED3429 /* Build configuration list for PBXNativeTarget "NinjaGoldUITests" */ = {
			isa = XCConfigurationList;
			buildConfigurations = (
				9A5CBBBA1B9643AD00ED3429 /* Debug */,
				9A5CBBBB1B9643AD00ED3429 /* Release */,
			);
			defaultConfigurationIsVisible = 0;
		};
/* End XCConfigurationList section */
	};
	rootObject = 9A5CBB831B9643AD00ED3429 /* Project object */;
}
